
Microsoft Visual Studio Solution File, Format Version 10.00
# Visual C++ Express 2008
Project("{8BC9CEB8-8B4A-11D0-8D11-00A0C91BC942}") = "ld80", "ld80.vcproj", "{1C03589E-6B6F-4772-882C-F4C9D41C2FE0}"
EndProject
Global
	GlobalSection(SolutionConfigurationPlatforms) = preSolution
		Debug|Win32 = Debug|Win32
		Release|Win32 = Release|Win32
	EndGlobalSection
	GlobalSection(ProjectConfigurationPlatforms) = postSolution
		{1C03589E-6B6F-4772-882C-F4C9D41C2FE0}.Debug|Win32.ActiveCfg = Debug|Win32
		{1C03589E-6B6F-4772-882C-F4C9D41C2FE0}.Debug|Win32.Build.0 = Debug|Win32
		{1C03589E-6B6F-4772-882C-F4C9D41C2FE0}.Release|Win32.ActiveCfg = Release|Win32
		{1C03589E-6B6F-4772-882C-F4C9D41C2FE0}.Release|Win32.Build.0 = Release|Win32
	EndGlobalSection
	GlobalSection(SolutionProperties) = preSolution
		HideSolutionNode = FALSE
	EndGlobalSection
EndGlobal
